
Microsoft Visual Studio Solution File, Format Version 12.00
# Visual Studio Version 18
VisualStudioVersion = 18.8.12021.73
MinimumVisualStudioVersion = 10.0.40219.1
Project("{8BC9CEB8-8B4A-11D0-8D11-00A0C91BC942}") = "RmSdkBridge", "src\RmSdkBridge\RmSdkBridge.vcxproj", "{4C6B739E-36A1-4850-B8EE-C620C2939C55}"
EndProject
Project("{FAE04EC0-301F-11D3-BF4B-00C04F79EFBC}") = "StatsDial.Cli", "src\StatsDial.Cli\StatsDial.Cli.csproj", "{C0A679A3-1D49-4CF2-76C8-3B9CB657D260}"
EndProject
Project("{FAE04EC0-301F-11D3-BF4B-00C04F79EFBC}") = "StatsDial.Core", "src\StatsDial.Core\StatsDial.Core.csproj", "{48ACF83A-078F-0A4D-29F8-31A6609953D0}"
EndProject
Project("{FAE04EC0-301F-11D3-BF4B-00C04F79EFBC}") = "StatsDial.Desktop", "src\StatsDial.Desktop\StatsDial.Desktop.csproj", "{133E9406-1091-76E3-56AC-52C5EB9EC6AA}"
EndProject
Global
	GlobalSection(SolutionConfigurationPlatforms) = preSolution
		Debug|Any CPU = Debug|Any CPU
		Debug|x64 = Debug|x64
		Debug|x86 = Debug|x86
		Release|Any CPU = Release|Any CPU
		Release|x64 = Release|x64
		Release|x86 = Release|x86
	EndGlobalSection
	GlobalSection(ProjectConfigurationPlatforms) = postSolution
		{4C6B739E-36A1-4850-B8EE-C620C2939C55}.Debug|Any CPU.ActiveCfg = Debug|x64
		{4C6B739E-36A1-4850-B8EE-C620C2939C55}.Debug|Any CPU.Build.0 = Debug|x64
		{4C6B739E-36A1-4850-B8EE-C620C2939C55}.Debug|x64.ActiveCfg = Debug|x64
		{4C6B739E-36A1-4850-B8EE-C620C2939C55}.Debug|x64.Build.0 = Debug|x64
		{4C6B739E-36A1-4850-B8EE-C620C2939C55}.Debug|x86.ActiveCfg = Debug|Win32
		{4C6B739E-36A1-4850-B8EE-C620C2939C55}.Debug|x86.Build.0 = Debug|Win32
		{4C6B739E-36A1-4850-B8EE-C620C2939C55}.Release|Any CPU.ActiveCfg = Release|x64
		{4C6B739E-36A1-4850-B8EE-C620C2939C55}.Release|Any CPU.Build.0 = Release|x64
		{4C6B739E-36A1-4850-B8EE-C620C2939C55}.Release|x64.ActiveCfg = Release|x64
		{4C6B739E-36A1-4850-B8EE-C620C2939C55}.Release|x64.Build.0 = Release|x64
		{4C6B739E-36A1-4850-B8EE-C620C2939C55}.Release|x86.ActiveCfg = Release|Win32
		{4C6B739E-36A1-4850-B8EE-C620C2939C55}.Release|x86.Build.0 = Release|Win32
		{C0A679A3-1D49-4CF2-76C8-3B9CB657D260}.Debug|Any CPU.ActiveCfg = Debug|Any CPU
		{C0A679A3-1D49-4CF2-76C8-3B9CB657D260}.Debug|Any CPU.Build.0 = Debug|Any CPU
		{C0A679A3-1D49-4CF2-76C8-3B9CB657D260}.Debug|x64.ActiveCfg = Debug|x64
		{C0A679A3-1D49-4CF2-76C8-3B9CB657D260}.Debug|x64.Build.0 = Debug|x64
		{C0A679A3-1D49-4CF2-76C8-3B9CB657D260}.Debug|x86.ActiveCfg = Debug|Any CPU
		{C0A679A3-1D49-4CF2-76C8-3B9CB657D260}.Debug|x86.Build.0 = Debug|Any CPU
		{C0A679A3-1D49-4CF2-76C8-3B9CB657D260}.Release|Any CPU.ActiveCfg = Release|Any CPU
		{C0A679A3-1D49-4CF2-76C8-3B9CB657D260}.Release|Any CPU.Build.0 = Release|Any CPU
		{C0A679A3-1D49-4CF2-76C8-3B9CB657D260}.Release|x64.ActiveCfg = Release|x64
		{C0A679A3-1D49-4CF2-76C8-3B9CB657D260}.Release|x64.Build.0 = Release|x64
		{C0A679A3-1D49-4CF2-76C8-3B9CB657D260}.Release|x86.ActiveCfg = Release|Any CPU
		{C0A679A3-1D49-4CF2-76C8-3B9CB657D260}.Release|x86.Build.0 = Release|Any CPU
		{48ACF83A-078F-0A4D-29F8-31A6609953D0}.Debug|Any CPU.ActiveCfg = Debug|Any CPU
		{48ACF83A-078F-0A4D-29F8-31A6609953D0}.Debug|Any CPU.Build.0 = Debug|Any CPU
		{48ACF83A-078F-0A4D-29F8-31A6609953D0}.Debug|x64.ActiveCfg = Debug|Any CPU
		{48ACF83A-078F-0A4D-29F8-31A6609953D0}.Debug|x64.Build.0 = Debug|Any CPU
		{48ACF83A-078F-0A4D-29F8-31A6609953D0}.Debug|x86.ActiveCfg = Debug|Any CPU
		{48ACF83A-078F-0A4D-29F8-31A6609953D0}.Debug|x86.Build.0 = Debug|Any CPU
		{48ACF83A-078F-0A4D-29F8-31A6609953D0}.Release|Any CPU.ActiveCfg = Release|Any CPU
		{48ACF83A-078F-0A4D-29F8-31A6609953D0}.Release|Any CPU.Build.0 = Release|Any CPU
		{48ACF83A-078F-0A4D-29F8-31A6609953D0}.Release|x64.ActiveCfg = Release|Any CPU
		{48ACF83A-078F-0A4D-29F8-31A6609953D0}.Release|x64.Build.0 = Release|Any CPU
		{48ACF83A-078F-0A4D-29F8-31A6609953D0}.Release|x86.ActiveCfg = Release|Any CPU
		{48ACF83A-078F-0A4D-29F8-31A6609953D0}.Release|x86.Build.0 = Release|Any CPU
		{133E9406-1091-76E3-56AC-52C5EB9EC6AA}.Debug|Any CPU.ActiveCfg = Debug|Any CPU
		{133E9406-1091-76E3-56AC-52C5EB9EC6AA}.Debug|Any CPU.Build.0 = Debug|Any CPU
		{133E9406-1091-76E3-56AC-52C5EB9EC6AA}.Debug|x64.ActiveCfg = Debug|x64
		{133E9406-1091-76E3-56AC-52C5EB9EC6AA}.Debug|x64.Build.0 = Debug|x64
		{133E9406-1091-76E3-56AC-52C5EB9EC6AA}.Debug|x86.ActiveCfg = Debug|Any CPU
		{133E9406-1091-76E3-56AC-52C5EB9EC6AA}.Debug|x86.Build.0 = Debug|Any CPU
		{133E9406-1091-76E3-56AC-52C5EB9EC6AA}.Release|Any CPU.ActiveCfg = Release|Any CPU
		{133E9406-1091-76E3-56AC-52C5EB9EC6AA}.Release|Any CPU.Build.0 = Release|Any CPU
		{133E9406-1091-76E3-56AC-52C5EB9EC6AA}.Release|x64.ActiveCfg = Release|x64
		{133E9406-1091-76E3-56AC-52C5EB9EC6AA}.Release|x64.Build.0 = Release|x64
		{133E9406-1091-76E3-56AC-52C5EB9EC6AA}.Release|x86.ActiveCfg = Release|Any CPU
		{133E9406-1091-76E3-56AC-52C5EB9EC6AA}.Release|x86.Build.0 = Release|Any CPU
	EndGlobalSection
	GlobalSection(SolutionProperties) = preSolution
		HideSolutionNode = FALSE
	EndGlobalSection
	GlobalSection(ExtensibilityGlobals) = postSolution
		SolutionGuid = {EA06B0D4-2DB3-4CBC-BF0B-3AE60CE84B80}
	EndGlobalSection
EndGlobal
